// !$*UTF8*$!
{
	archiveVersion = 1;
	classes = {
	};
	objectVersion = 48;
	objects = {

/* Begin PBXBuildFile section */
		2ED272ED1FD8D40900013925 /* BeerListProtocols.swift in Sources */ = {isa = PBXBuildFile; fileRef = 2ED272EC1FD8D40900013925 /* BeerListProtocols.swift */; };
		2ED272F11FD8DAF900013925 /* Beer_List.xcdatamodeld in Sources */ = {isa = PBXBuildFile; fileRef = 2EEE0F911FD76A3100563FF6 /* Beer_List.xcdatamodeld */; };
		2ED272F31FD8DD9900013925 /* Beer+CoreDataProperties.swift in Sources */ = {isa = PBXBuildFile; fileRef = 2ED272F21FD8DD9900013925 /* Beer+CoreDataProperties.swift */; };
		2ED272F51FD8DE9C00013925 /* BeerListWireFrame.swift in Sources */ = {isa = PBXBuildFile; fileRef = 2ED272F41FD8DE9C00013925 /* BeerListWireFrame.swift */; };
		2ED272F71FDA2D1600013925 /* BeerListInteractor.swift in Sources */ = {isa = PBXBuildFile; fileRef = 2ED272F61FDA2D1600013925 /* BeerListInteractor.swift */; };
		2ED272FA1FDA2EA100013925 /* BeerTableViewCell.swift in Sources */ = {isa = PBXBuildFile; fileRef = 2ED272F91FDA2EA100013925 /* BeerTableViewCell.swift */; };
		2ED272FB1FDA2EA100013925 /* BeerTableViewCell.swift in Sources */ = {isa = PBXBuildFile; fileRef = 2ED272F91FDA2EA100013925 /* BeerTableViewCell.swift */; };
		2ED272FD1FDA2EB900013925 /* BeerListView.swift in Sources */ = {isa = PBXBuildFile; fileRef = 2ED272FC1FDA2EB900013925 /* BeerListView.swift */; };
		2ED272FE1FDA2EB900013925 /* BeerListView.swift in Sources */ = {isa = PBXBuildFile; fileRef = 2ED272FC1FDA2EB900013925 /* BeerListView.swift */; };
		2ED273021FDA320800013925 /* BeerListLocalDataManager.swift in Sources */ = {isa = PBXBuildFile; fileRef = 2ED273011FDA320800013925 /* BeerListLocalDataManager.swift */; };
		2ED273031FDA320800013925 /* BeerListLocalDataManager.swift in Sources */ = {isa = PBXBuildFile; fileRef = 2ED273011FDA320800013925 /* BeerListLocalDataManager.swift */; };
		2ED273051FDA322100013925 /* BeerListRemoteDataManager.swift in Sources */ = {isa = PBXBuildFile; fileRef = 2ED273041FDA322100013925 /* BeerListRemoteDataManager.swift */; };
		2ED273061FDA322100013925 /* BeerListRemoteDataManager.swift in Sources */ = {isa = PBXBuildFile; fileRef = 2ED273041FDA322100013925 /* BeerListRemoteDataManager.swift */; };
		2ED273081FDA343100013925 /* PKHUD.framework in Frameworks */ = {isa = PBXBuildFile; fileRef = 2ED273071FDA343100013925 /* PKHUD.framework */; };
		2ED2730A1FDA351C00013925 /* PersistenceError.swift in Sources */ = {isa = PBXBuildFile; fileRef = 2ED273091FDA351C00013925 /* PersistenceError.swift */; };
		2ED2730B1FDA351C00013925 /* PersistenceError.swift in Sources */ = {isa = PBXBuildFile; fileRef = 2ED273091FDA351C00013925 /* PersistenceError.swift */; };
		2ED2730D1FDA354B00013925 /* Endpoints.swift in Sources */ = {isa = PBXBuildFile; fileRef = 2ED2730C1FDA354B00013925 /* Endpoints.swift */; };
		2ED2730E1FDA354B00013925 /* Endpoints.swift in Sources */ = {isa = PBXBuildFile; fileRef = 2ED2730C1FDA354B00013925 /* Endpoints.swift */; };
		2ED273101FDB779600013925 /* CoreDataStore.swift in Sources */ = {isa = PBXBuildFile; fileRef = 2ED2730F1FDB779600013925 /* CoreDataStore.swift */; };
		2ED273111FDB779600013925 /* CoreDataStore.swift in Sources */ = {isa = PBXBuildFile; fileRef = 2ED2730F1FDB779600013925 /* CoreDataStore.swift */; };
		2ED273141FDC2D3700013925 /* PostListPresenter.swift in Sources */ = {isa = PBXBuildFile; fileRef = 2ED273131FDC2D3700013925 /* PostListPresenter.swift */; };
		2ED273151FDC2D3700013925 /* PostListPresenter.swift in Sources */ = {isa = PBXBuildFile; fileRef = 2ED273131FDC2D3700013925 /* PostListPresenter.swift */; };
		2EEE0F8B1FD76A3100563FF6 /* AppDelegate.swift in Sources */ = {isa = PBXBuildFile; fileRef = 2EEE0F8A1FD76A3100563FF6 /* AppDelegate.swift */; };
		2EEE0F901FD76A3100563FF6 /* Main.storyboard in Resources */ = {isa = PBXBuildFile; fileRef = 2EEE0F8E1FD76A3100563FF6 /* Main.storyboard */; };
		2EEE0F931FD76A3100563FF6 /* Beer_List.xcdatamodeld in Sources */ = {isa = PBXBuildFile; fileRef = 2EEE0F911FD76A3100563FF6 /* Beer_List.xcdatamodeld */; };
		2EEE0F951FD76A3100563FF6 /* Assets.xcassets in Resources */ = {isa = PBXBuildFile; fileRef = 2EEE0F941FD76A3100563FF6 /* Assets.xcassets */; };
		2EEE0F981FD76A3100563FF6 /* LaunchScreen.storyboard in Resources */ = {isa = PBXBuildFile; fileRef = 2EEE0F961FD76A3100563FF6 /* LaunchScreen.storyboard */; };
		2EEE0FA31FD76A3100563FF6 /* Beer_ListTests.swift in Sources */ = {isa = PBXBuildFile; fileRef = 2EEE0FA21FD76A3100563FF6 /* Beer_ListTests.swift */; };
		2EEE0FAE1FD76A3100563FF6 /* Beer_ListUITests.swift in Sources */ = {isa = PBXBuildFile; fileRef = 2EEE0FAD1FD76A3100563FF6 /* Beer_ListUITests.swift */; };
		2EEE0FBF1FD7789C00563FF6 /* Beer.swift in Sources */ = {isa = PBXBuildFile; fileRef = 2EEE0FBE1FD7789C00563FF6 /* Beer.swift */; };
		2EEE0FC01FD7789C00563FF6 /* Beer.swift in Sources */ = {isa = PBXBuildFile; fileRef = 2EEE0FBE1FD7789C00563FF6 /* Beer.swift */; };
		2EEE0FC21FD778D300563FF6 /* BeerModel.swift in Sources */ = {isa = PBXBuildFile; fileRef = 2EEE0FC11FD778D300563FF6 /* BeerModel.swift */; };
		2EEE0FC31FD778D300563FF6 /* BeerModel.swift in Sources */ = {isa = PBXBuildFile; fileRef = 2EEE0FC11FD778D300563FF6 /* BeerModel.swift */; };
		2EEE0FCB1FD7F32A00563FF6 /* AlamofireImage.framework in Frameworks */ = {isa = PBXBuildFile; fileRef = 2EEE0FC91FD7F32A00563FF6 /* AlamofireImage.framework */; };
		2EEE0FCC1FD7F32A00563FF6 /* Alamofire.framework in Frameworks */ = {isa = PBXBuildFile; fileRef = 2EEE0FCA1FD7F32A00563FF6 /* Alamofire.framework */; };
		2EEE0FD01FD856D600563FF6 /* AlamofireObjectMapper.framework in Frameworks */ = {isa = PBXBuildFile; fileRef = 2EEE0FCE1FD856D600563FF6 /* AlamofireObjectMapper.framework */; };
		2EEE0FD11FD856D600563FF6 /* ObjectMapper.framework in Frameworks */ = {isa = PBXBuildFile; fileRef = 2EEE0FCF1FD856D600563FF6 /* ObjectMapper.framework */; };
		2EEE0FD81FD85A4800563FF6 /* BeerDetailProtocols.swift in Sources */ = {isa = PBXBuildFile; fileRef = 2EEE0FD71FD85A4800563FF6 /* BeerDetailProtocols.swift */; };
		2EEE0FD91FD85A4800563FF6 /* BeerDetailProtocols.swift in Sources */ = {isa = PBXBuildFile; fileRef = 2EEE0FD71FD85A4800563FF6 /* BeerDetailProtocols.swift */; };
		2EEE0FDA1FD85A4800563FF6 /* BeerDetailProtocols.swift in Sources */ = {isa = PBXBuildFile; fileRef = 2EEE0FD71FD85A4800563FF6 /* BeerDetailProtocols.swift */; };
		2EEE0FDE1FD85B4600563FF6 /* BeerDetailView.swift in Sources */ = {isa = PBXBuildFile; fileRef = 2EEE0FDD1FD85B4600563FF6 /* BeerDetailView.swift */; };
		2EEE0FDF1FD85B4600563FF6 /* BeerDetailView.swift in Sources */ = {isa = PBXBuildFile; fileRef = 2EEE0FDD1FD85B4600563FF6 /* BeerDetailView.swift */; };
		2EEE0FE01FD85B4600563FF6 /* BeerDetailView.swift in Sources */ = {isa = PBXBuildFile; fileRef = 2EEE0FDD1FD85B4600563FF6 /* BeerDetailView.swift */; };
		2EEE0FE21FD8A82000563FF6 /* BeerDetailWireFrame.swift in Sources */ = {isa = PBXBuildFile; fileRef = 2EEE0FE11FD8A82000563FF6 /* BeerDetailWireFrame.swift */; };
		2EEE0FE31FD8A82000563FF6 /* BeerDetailWireFrame.swift in Sources */ = {isa = PBXBuildFile; fileRef = 2EEE0FE11FD8A82000563FF6 /* BeerDetailWireFrame.swift */; };
		2EEE0FE41FD8A82000563FF6 /* BeerDetailWireFrame.swift in Sources */ = {isa = PBXBuildFile; fileRef = 2EEE0FE11FD8A82000563FF6 /* BeerDetailWireFrame.swift */; };
		2EEE0FE61FD8AA1600563FF6 /* BeerDetailPresenter.swift in Sources */ = {isa = PBXBuildFile; fileRef = 2EEE0FE51FD8AA1600563FF6 /* BeerDetailPresenter.swift */; };
		2EEE0FE71FD8AA1600563FF6 /* BeerDetailPresenter.swift in Sources */ = {isa = PBXBuildFile; fileRef = 2EEE0FE51FD8AA1600563FF6 /* BeerDetailPresenter.swift */; };
		2EEE0FE81FD8AA1600563FF6 /* BeerDetailPresenter.swift in Sources */ = {isa = PBXBuildFile; fileRef = 2EEE0FE51FD8AA1600563FF6 /* BeerDetailPresenter.swift */; };
		654A95071FDCDA9400600815 /* Assets.xcassets in Resources */ = {isa = PBXBuildFile; fileRef = 2EEE0F941FD76A3100563FF6 /* Assets.xcassets */; };
		65CBB21B1FDCBB38009B2B87 /* Beer_List.xcdatamodeld in Sources */ = {isa = PBXBuildFile; fileRef = 2EEE0F911FD76A3100563FF6 /* Beer_List.xcdatamodeld */; };
		65CBB21C1FDCBB43009B2B87 /* LaunchScreen.storyboard in Resources */ = {isa = PBXBuildFile; fileRef = 2EEE0F961FD76A3100563FF6 /* LaunchScreen.storyboard */; };
		65CBB21D1FDCBB4A009B2B87 /* Assets.xcassets in Resources */ = {isa = PBXBuildFile; fileRef = 2EEE0F941FD76A3100563FF6 /* Assets.xcassets */; };
		65E2AF6C1FDCA0C200DB827A /* PostListPresenter.swift in Sources */ = {isa = PBXBuildFile; fileRef = 2ED273131FDC2D3700013925 /* PostListPresenter.swift */; };
		65E2AF6D1FDCA0C500DB827A /* BeerTableViewCell.swift in Sources */ = {isa = PBXBuildFile; fileRef = 2ED272F91FDA2EA100013925 /* BeerTableViewCell.swift */; };
		65E2AF6E1FDCA0CA00DB827A /* BeerListView.swift in Sources */ = {isa = PBXBuildFile; fileRef = 2ED272FC1FDA2EB900013925 /* BeerListView.swift */; };
		65E2AF6F1FDCA0DE00DB827A /* BeerListProtocols.swift in Sources */ = {isa = PBXBuildFile; fileRef = 2ED272EC1FD8D40900013925 /* BeerListProtocols.swift */; };
		65E2AF701FDCA0E100DB827A /* BeerListProtocols.swift in Sources */ = {isa = PBXBuildFile; fileRef = 2ED272EC1FD8D40900013925 /* BeerListProtocols.swift */; };
		65E2AF711FDCA0E600DB827A /* BeerListWireFrame.swift in Sources */ = {isa = PBXBuildFile; fileRef = 2ED272F41FD8DE9C00013925 /* BeerListWireFrame.swift */; };
		65E2AF721FDCA0E700DB827A /* BeerListWireFrame.swift in Sources */ = {isa = PBXBuildFile; fileRef = 2ED272F41FD8DE9C00013925 /* BeerListWireFrame.swift */; };
		65E2AF731FDCA0EC00DB827A /* BeerListInteractor.swift in Sources */ = {isa = PBXBuildFile; fileRef = 2ED272F61FDA2D1600013925 /* BeerListInteractor.swift */; };
		65E2AF741FDCA0EC00DB827A /* BeerListInteractor.swift in Sources */ = {isa = PBXBuildFile; fileRef = 2ED272F61FDA2D1600013925 /* BeerListInteractor.swift */; };
		65E2AF751FDCA0F600DB827A /* PersistenceError.swift in Sources */ = {isa = PBXBuildFile; fileRef = 2ED273091FDA351C00013925 /* PersistenceError.swift */; };
		65E2AF761FDCA0F600DB827A /* Endpoints.swift in Sources */ = {isa = PBXBuildFile; fileRef = 2ED2730C1FDA354B00013925 /* Endpoints.swift */; };
		65E2AF771FDCA0F600DB827A /* Beer.swift in Sources */ = {isa = PBXBuildFile; fileRef = 2EEE0FBE1FD7789C00563FF6 /* Beer.swift */; };
		65E2AF781FDCA0F600DB827A /* BeerModel.swift in Sources */ = {isa = PBXBuildFile; fileRef = 2EEE0FC11FD778D300563FF6 /* BeerModel.swift */; };
		65E2AF791FDCA0F600DB827A /* Beer+CoreDataProperties.swift in Sources */ = {isa = PBXBuildFile; fileRef = 2ED272F21FD8DD9900013925 /* Beer+CoreDataProperties.swift */; };
		65E2AF7A1FDCA0F600DB827A /* AppDelegate.swift in Sources */ = {isa = PBXBuildFile; fileRef = 2EEE0F8A1FD76A3100563FF6 /* AppDelegate.swift */; };
		65E2AF7B1FDCA0F800DB827A /* PersistenceError.swift in Sources */ = {isa = PBXBuildFile; fileRef = 2ED273091FDA351C00013925 /* PersistenceError.swift */; };
		65E2AF7C1FDCA0F800DB827A /* Endpoints.swift in Sources */ = {isa = PBXBuildFile; fileRef = 2ED2730C1FDA354B00013925 /* Endpoints.swift */; };
		65E2AF7D1FDCA0F800DB827A /* Beer+CoreDataProperties.swift in Sources */ = {isa = PBXBuildFile; fileRef = 2ED272F21FD8DD9900013925 /* Beer+CoreDataProperties.swift */; };
		65E2AF7E1FDCA0F800DB827A /* AppDelegate.swift in Sources */ = {isa = PBXBuildFile; fileRef = 2EEE0F8A1FD76A3100563FF6 /* AppDelegate.swift */; };
		65E2AF7F1FDCA10800DB827A /* BeerDetailView.swift in Sources */ = {isa = PBXBuildFile; fileRef = 2EEE0FDD1FD85B4600563FF6 /* BeerDetailView.swift */; };
		65E2AF801FDCA10800DB827A /* BeerDetailWireFrame.swift in Sources */ = {isa = PBXBuildFile; fileRef = 2EEE0FE11FD8A82000563FF6 /* BeerDetailWireFrame.swift */; };
		65E2AF811FDCA10800DB827A /* BeerDetailProtocols.swift in Sources */ = {isa = PBXBuildFile; fileRef = 2EEE0FD71FD85A4800563FF6 /* BeerDetailProtocols.swift */; };
		65E2AF821FDCA10800DB827A /* BeerDetailPresenter.swift in Sources */ = {isa = PBXBuildFile; fileRef = 2EEE0FE51FD8AA1600563FF6 /* BeerDetailPresenter.swift */; };
		65E2AFA11FDCB53500DB827A /* Main.storyboard in Resources */ = {isa = PBXBuildFile; fileRef = 2EEE0F8E1FD76A3100563FF6 /* Main.storyboard */; };
		65E2AFA21FDCB65F00DB827A /* BeerListLocalDataManager.swift in Sources */ = {isa = PBXBuildFile; fileRef = 2ED273011FDA320800013925 /* BeerListLocalDataManager.swift */; };
		65E2AFA31FDCB66C00DB827A /* BeerListRemoteDataManager.swift in Sources */ = {isa = PBXBuildFile; fileRef = 2ED273041FDA322100013925 /* BeerListRemoteDataManager.swift */; };
		65E2AFA41FDCB69000DB827A /* CoreDataStore.swift in Sources */ = {isa = PBXBuildFile; fileRef = 2ED2730F1FDB779600013925 /* CoreDataStore.swift */; };
		65F55CB91FDC9D9D00B02641 /* Beer_List_ios_Playground.h in Headers */ = {isa = PBXBuildFile; fileRef = 65F55CB71FDC9D9D00B02641 /* Beer_List_ios_Playground.h */; settings = {ATTRIBUTES = (Public, ); }; };
		65F55CBC1FDC9D9D00B02641 /* BeerListPlayground.framework in Frameworks */ = {isa = PBXBuildFile; fileRef = 65F55CB51FDC9D9D00B02641 /* BeerListPlayground.framework */; };
		65F55CBD1FDC9D9D00B02641 /* BeerListPlayground.framework in Embed Frameworks */ = {isa = PBXBuildFile; fileRef = 65F55CB51FDC9D9D00B02641 /* BeerListPlayground.framework */; settings = {ATTRIBUTES = (CodeSignOnCopy, RemoveHeadersOnCopy, ); }; };
		65F55CC21FDC9DED00B02641 /* Alamofire.framework in Frameworks */ = {isa = PBXBuildFile; fileRef = 2EEE0FCA1FD7F32A00563FF6 /* Alamofire.framework */; };
		65F55CC31FDC9DED00B02641 /* AlamofireImage.framework in Frameworks */ = {isa = PBXBuildFile; fileRef = 2EEE0FC91FD7F32A00563FF6 /* AlamofireImage.framework */; };
		65F55CC41FDC9DED00B02641 /* AlamofireObjectMapper.framework in Frameworks */ = {isa = PBXBuildFile; fileRef = 2EEE0FCE1FD856D600563FF6 /* AlamofireObjectMapper.framework */; };
		65F55CC51FDC9DED00B02641 /* ObjectMapper.framework in Frameworks */ = {isa = PBXBuildFile; fileRef = 2EEE0FCF1FD856D600563FF6 /* ObjectMapper.framework */; };
		65F55CC61FDC9DED00B02641 /* PKHUD.framework in Frameworks */ = {isa = PBXBuildFile; fileRef = 2ED273071FDA343100013925 /* PKHUD.framework */; };
/* End PBXBuildFile section */

/* Begin PBXContainerItemProxy section */
		2EEE0F9F1FD76A3100563FF6 /* PBXContainerItemProxy */ = {
			isa = PBXContainerItemProxy;
			containerPortal = 2EEE0F7F1FD76A3100563FF6 /* Project object */;
			proxyType = 1;
			remoteGlobalIDString = 2EEE0F861FD76A3100563FF6;
			remoteInfo = "Beer List";
		};
		2EEE0FAA1FD76A3100563FF6 /* PBXContainerItemProxy */ = {
			isa = PBXContainerItemProxy;
			containerPortal = 2EEE0F7F1FD76A3100563FF6 /* Project object */;
			proxyType = 1;
			remoteGlobalIDString = 2EEE0F861FD76A3100563FF6;
			remoteInfo = "Beer List";
		};
		65F55CBA1FDC9D9D00B02641 /* PBXContainerItemProxy */ = {
			isa = PBXContainerItemProxy;
			containerPortal = 2EEE0F7F1FD76A3100563FF6 /* Project object */;
			proxyType = 1;
			remoteGlobalIDString = 65F55CB41FDC9D9D00B02641;
			remoteInfo = "Beer-List-ios-Playground";
		};
/* End PBXContainerItemProxy section */

/* Begin PBXCopyFilesBuildPhase section */
		65F55CC11FDC9D9D00B02641 /* Embed Frameworks */ = {
			isa = PBXCopyFilesBuildPhase;
			buildActionMask = 2147483647;
			dstPath = "";
			dstSubfolderSpec = 10;
			files = (
				65F55CBD1FDC9D9D00B02641 /* BeerListPlayground.framework in Embed Frameworks */,
			);
			name = "Embed Frameworks";
			runOnlyForDeploymentPostprocessing = 0;
		};
/* End PBXCopyFilesBuildPhase section */

/* Begin PBXFileReference section */
		2ED272EC1FD8D40900013925 /* BeerListProtocols.swift */ = {isa = PBXFileReference; lastKnownFileType = sourcecode.swift; path = BeerListProtocols.swift; sourceTree = "<group>"; };
		2ED272F21FD8DD9900013925 /* Beer+CoreDataProperties.swift */ = {isa = PBXFileReference; lastKnownFileType = sourcecode.swift; path = "Beer+CoreDataProperties.swift"; sourceTree = "<group>"; };
		2ED272F41FD8DE9C00013925 /* BeerListWireFrame.swift */ = {isa = PBXFileReference; lastKnownFileType = sourcecode.swift; path = BeerListWireFrame.swift; sourceTree = "<group>"; };
		2ED272F61FDA2D1600013925 /* BeerListInteractor.swift */ = {isa = PBXFileReference; lastKnownFileType = sourcecode.swift; path = BeerListInteractor.swift; sourceTree = "<group>"; };
		2ED272F91FDA2EA100013925 /* BeerTableViewCell.swift */ = {isa = PBXFileReference; lastKnownFileType = sourcecode.swift; path = BeerTableViewCell.swift; sourceTree = "<group>"; };
		2ED272FC1FDA2EB900013925 /* BeerListView.swift */ = {isa = PBXFileReference; lastKnownFileType = sourcecode.swift; path = BeerListView.swift; sourceTree = "<group>"; };
		2ED273011FDA320800013925 /* BeerListLocalDataManager.swift */ = {isa = PBXFileReference; lastKnownFileType = sourcecode.swift; path = BeerListLocalDataManager.swift; sourceTree = "<group>"; };
		2ED273041FDA322100013925 /* BeerListRemoteDataManager.swift */ = {isa = PBXFileReference; lastKnownFileType = sourcecode.swift; path = BeerListRemoteDataManager.swift; sourceTree = "<group>"; };
		2ED273071FDA343100013925 /* PKHUD.framework */ = {isa = PBXFileReference; lastKnownFileType = wrapper.framework; name = PKHUD.framework; path = Carthage/Build/iOS/PKHUD.framework; sourceTree = "<group>"; };
		2ED273091FDA351C00013925 /* PersistenceError.swift */ = {isa = PBXFileReference; lastKnownFileType = sourcecode.swift; path = PersistenceError.swift; sourceTree = "<group>"; };
		2ED2730C1FDA354B00013925 /* Endpoints.swift */ = {isa = PBXFileReference; lastKnownFileType = sourcecode.swift; path = Endpoints.swift; sourceTree = "<group>"; };
		2ED2730F1FDB779600013925 /* CoreDataStore.swift */ = {isa = PBXFileReference; lastKnownFileType = sourcecode.swift; path = CoreDataStore.swift; sourceTree = "<group>"; };
		2ED273131FDC2D3700013925 /* PostListPresenter.swift */ = {isa = PBXFileReference; lastKnownFileType = sourcecode.swift; path = PostListPresenter.swift; sourceTree = "<group>"; };
		2EEE0F871FD76A3100563FF6 /* Beer List.app */ = {isa = PBXFileReference; explicitFileType = wrapper.application; includeInIndex = 0; path = "Beer List.app"; sourceTree = BUILT_PRODUCTS_DIR; };
		2EEE0F8A1FD76A3100563FF6 /* AppDelegate.swift */ = {isa = PBXFileReference; lastKnownFileType = sourcecode.swift; path = AppDelegate.swift; sourceTree = "<group>"; };
		2EEE0F8F1FD76A3100563FF6 /* Base */ = {isa = PBXFileReference; lastKnownFileType = file.storyboard; name = Base; path = Base.lproj/Main.storyboard; sourceTree = "<group>"; };
		2EEE0F921FD76A3100563FF6 /* Beer_List.xcdatamodel */ = {isa = PBXFileReference; lastKnownFileType = wrapper.xcdatamodel; path = Beer_List.xcdatamodel; sourceTree = "<group>"; };
		2EEE0F941FD76A3100563FF6 /* Assets.xcassets */ = {isa = PBXFileReference; lastKnownFileType = folder.assetcatalog; path = Assets.xcassets; sourceTree = "<group>"; };
		2EEE0F971FD76A3100563FF6 /* Base */ = {isa = PBXFileReference; lastKnownFileType = file.storyboard; name = Base; path = Base.lproj/LaunchScreen.storyboard; sourceTree = "<group>"; };
		2EEE0F991FD76A3100563FF6 /* Info.plist */ = {isa = PBXFileReference; lastKnownFileType = text.plist.xml; path = Info.plist; sourceTree = "<group>"; };
		2EEE0F9E1FD76A3100563FF6 /* Beer ListTests.xctest */ = {isa = PBXFileReference; explicitFileType = wrapper.cfbundle; includeInIndex = 0; path = "Beer ListTests.xctest"; sourceTree = BUILT_PRODUCTS_DIR; };
		2EEE0FA21FD76A3100563FF6 /* Beer_ListTests.swift */ = {isa = PBXFileReference; lastKnownFileType = sourcecode.swift; path = Beer_ListTests.swift; sourceTree = "<group>"; };
		2EEE0FA41FD76A3100563FF6 /* Info.plist */ = {isa = PBXFileReference; lastKnownFileType = text.plist.xml; path = Info.plist; sourceTree = "<group>"; };
		2EEE0FA91FD76A3100563FF6 /* Beer ListUITests.xctest */ = {isa = PBXFileReference; explicitFileType = wrapper.cfbundle; includeInIndex = 0; path = "Beer ListUITests.xctest"; sourceTree = BUILT_PRODUCTS_DIR; };
		2EEE0FAD1FD76A3100563FF6 /* Beer_ListUITests.swift */ = {isa = PBXFileReference; lastKnownFileType = sourcecode.swift; path = Beer_ListUITests.swift; sourceTree = "<group>"; };
		2EEE0FAF1FD76A3100563FF6 /* Info.plist */ = {isa = PBXFileReference; lastKnownFileType = text.plist.xml; path = Info.plist; sourceTree = "<group>"; };
		2EEE0FBE1FD7789C00563FF6 /* Beer.swift */ = {isa = PBXFileReference; lastKnownFileType = sourcecode.swift; path = Beer.swift; sourceTree = "<group>"; };
		2EEE0FC11FD778D300563FF6 /* BeerModel.swift */ = {isa = PBXFileReference; lastKnownFileType = sourcecode.swift; path = BeerModel.swift; sourceTree = "<group>"; };
		2EEE0FC91FD7F32A00563FF6 /* AlamofireImage.framework */ = {isa = PBXFileReference; lastKnownFileType = wrapper.framework; name = AlamofireImage.framework; path = Carthage/Build/iOS/AlamofireImage.framework; sourceTree = "<group>"; };
		2EEE0FCA1FD7F32A00563FF6 /* Alamofire.framework */ = {isa = PBXFileReference; lastKnownFileType = wrapper.framework; name = Alamofire.framework; path = Carthage/Build/iOS/Alamofire.framework; sourceTree = "<group>"; };
		2EEE0FCE1FD856D600563FF6 /* AlamofireObjectMapper.framework */ = {isa = PBXFileReference; lastKnownFileType = wrapper.framework; name = AlamofireObjectMapper.framework; path = Carthage/Build/iOS/AlamofireObjectMapper.framework; sourceTree = "<group>"; };
		2EEE0FCF1FD856D600563FF6 /* ObjectMapper.framework */ = {isa = PBXFileReference; lastKnownFileType = wrapper.framework; name = ObjectMapper.framework; path = Carthage/Build/iOS/ObjectMapper.framework; sourceTree = "<group>"; };
		2EEE0FD41FD8578800563FF6 /* README.md */ = {isa = PBXFileReference; lastKnownFileType = net.daringfireball.markdown; path = README.md; sourceTree = "<group>"; };
		2EEE0FD71FD85A4800563FF6 /* BeerDetailProtocols.swift */ = {isa = PBXFileReference; lastKnownFileType = sourcecode.swift; path = BeerDetailProtocols.swift; sourceTree = "<group>"; };
		2EEE0FDD1FD85B4600563FF6 /* BeerDetailView.swift */ = {isa = PBXFileReference; lastKnownFileType = sourcecode.swift; path = BeerDetailView.swift; sourceTree = "<group>"; };
		2EEE0FE11FD8A82000563FF6 /* BeerDetailWireFrame.swift */ = {isa = PBXFileReference; lastKnownFileType = sourcecode.swift; path = BeerDetailWireFrame.swift; sourceTree = "<group>"; };
		2EEE0FE51FD8AA1600563FF6 /* BeerDetailPresenter.swift */ = {isa = PBXFileReference; lastKnownFileType = sourcecode.swift; path = BeerDetailPresenter.swift; sourceTree = "<group>"; };
		65E2AF6B1FDCA06E00DB827A /* BeerListPlayground.playground */ = {isa = PBXFileReference; lastKnownFileType = file.playground; path = BeerListPlayground.playground; sourceTree = "<group>"; xcLanguageSpecificationIdentifier = xcode.lang.swift; };
		65F55CB51FDC9D9D00B02641 /* BeerListPlayground.framework */ = {isa = PBXFileReference; explicitFileType = wrapper.framework; includeInIndex = 0; path = BeerListPlayground.framework; sourceTree = BUILT_PRODUCTS_DIR; };
		65F55CB71FDC9D9D00B02641 /* Beer_List_ios_Playground.h */ = {isa = PBXFileReference; lastKnownFileType = sourcecode.c.h; path = Beer_List_ios_Playground.h; sourceTree = "<group>"; };
		65F55CB81FDC9D9D00B02641 /* Info.plist */ = {isa = PBXFileReference; lastKnownFileType = text.plist.xml; path = Info.plist; sourceTree = "<group>"; };
/* End PBXFileReference section */

/* Begin PBXFrameworksBuildPhase section */
		2EEE0F841FD76A3100563FF6 /* Frameworks */ = {
			isa = PBXFrameworksBuildPhase;
			buildActionMask = 2147483647;
			files = (
				2EEE0FCB1FD7F32A00563FF6 /* AlamofireImage.framework in Frameworks */,
				2EEE0FCC1FD7F32A00563FF6 /* Alamofire.framework in Frameworks */,
				2EEE0FD01FD856D600563FF6 /* AlamofireObjectMapper.framework in Frameworks */,
				2EEE0FD11FD856D600563FF6 /* ObjectMapper.framework in Frameworks */,
				2ED273081FDA343100013925 /* PKHUD.framework in Frameworks */,
				65F55CBC1FDC9D9D00B02641 /* BeerListPlayground.framework in Frameworks */,
			);
			runOnlyForDeploymentPostprocessing = 0;
		};
		2EEE0F9B1FD76A3100563FF6 /* Frameworks */ = {
			isa = PBXFrameworksBuildPhase;
			buildActionMask = 2147483647;
			files = (
			);
			runOnlyForDeploymentPostprocessing = 0;
		};
		2EEE0FA61FD76A3100563FF6 /* Frameworks */ = {
			isa = PBXFrameworksBuildPhase;
			buildActionMask = 2147483647;
			files = (
			);
			runOnlyForDeploymentPostprocessing = 0;
		};
		65F55CB11FDC9D9D00B02641 /* Frameworks */ = {
			isa = PBXFrameworksBuildPhase;
			buildActionMask = 2147483647;
			files = (
				65F55CC21FDC9DED00B02641 /* Alamofire.framework in Frameworks */,
				65F55CC31FDC9DED00B02641 /* AlamofireImage.framework in Frameworks */,
				65F55CC41FDC9DED00B02641 /* AlamofireObjectMapper.framework in Frameworks */,
				65F55CC51FDC9DED00B02641 /* ObjectMapper.framework in Frameworks */,
				65F55CC61FDC9DED00B02641 /* PKHUD.framework in Frameworks */,
			);
			runOnlyForDeploymentPostprocessing = 0;
		};
/* End PBXFrameworksBuildPhase section */

/* Begin PBXGroup section */
		2ED272E81FD8D38D00013925 /* DataManager */ = {
			isa = PBXGroup;
			children = (
				2ED272FF1FDA31C800013925 /* Local */,
				2ED273001FDA31DB00013925 /* Remote */,
			);
			path = DataManager;
			sourceTree = "<group>";
		};
		2ED272E91FD8D3A200013925 /* Interactor */ = {
			isa = PBXGroup;
			children = (
				2ED272F61FDA2D1600013925 /* BeerListInteractor.swift */,
			);
			path = Interactor;
			sourceTree = "<group>";
		};
		2ED272EA1FD8D3B600013925 /* WireFrame */ = {
			isa = PBXGroup;
			children = (
				2ED272F41FD8DE9C00013925 /* BeerListWireFrame.swift */,
			);
			path = WireFrame;
			sourceTree = "<group>";
		};
		2ED272EB1FD8D3CF00013925 /* Protocols */ = {
			isa = PBXGroup;
			children = (
				2ED272EC1FD8D40900013925 /* BeerListProtocols.swift */,
			);
			path = Protocols;
			sourceTree = "<group>";
		};
		2ED272F81FDA2E4B00013925 /* View */ = {
			isa = PBXGroup;
			children = (
				2ED272F91FDA2EA100013925 /* BeerTableViewCell.swift */,
				2ED272FC1FDA2EB900013925 /* BeerListView.swift */,
			);
			path = View;
			sourceTree = "<group>";
		};
		2ED272FF1FDA31C800013925 /* Local */ = {
			isa = PBXGroup;
			children = (
				2ED273011FDA320800013925 /* BeerListLocalDataManager.swift */,
			);
			path = Local;
			sourceTree = "<group>";
		};
		2ED273001FDA31DB00013925 /* Remote */ = {
			isa = PBXGroup;
			children = (
				2ED273041FDA322100013925 /* BeerListRemoteDataManager.swift */,
			);
			path = Remote;
			sourceTree = "<group>";
		};
		2ED273121FDC2D2100013925 /* Presenter */ = {
			isa = PBXGroup;
			children = (
				2ED273131FDC2D3700013925 /* PostListPresenter.swift */,
			);
			path = Presenter;
			sourceTree = "<group>";
		};
		2EEE0F7E1FD76A3100563FF6 = {
			isa = PBXGroup;
			children = (
				2EEE0FD41FD8578800563FF6 /* README.md */,
				65E2AF6B1FDCA06E00DB827A /* BeerListPlayground.playground */,
				2EEE0F891FD76A3100563FF6 /* Beer List */,
				2EEE0FA11FD76A3100563FF6 /* Beer ListTests */,
				2EEE0FAC1FD76A3100563FF6 /* Beer ListUITests */,
				65F55CB61FDC9D9D00B02641 /* Beer-List-ios-Playground */,
				2EEE0F881FD76A3100563FF6 /* Products */,
				2EEE0FC81FD7F32A00563FF6 /* Frameworks */,
			);
			sourceTree = "<group>";
		};
		2EEE0F881FD76A3100563FF6 /* Products */ = {
			isa = PBXGroup;
			children = (
				2EEE0F871FD76A3100563FF6 /* Beer List.app */,
				2EEE0F9E1FD76A3100563FF6 /* Beer ListTests.xctest */,
				2EEE0FA91FD76A3100563FF6 /* Beer ListUITests.xctest */,
				65F55CB51FDC9D9D00B02641 /* BeerListPlayground.framework */,
			);
			name = Products;
			sourceTree = "<group>";
		};
		2EEE0F891FD76A3100563FF6 /* Beer List */ = {
			isa = PBXGroup;
			children = (
				2EEE0FD31FD8576700563FF6 /* BeerDetail */,
				2EEE0FD21FD8574300563FF6 /* BeerList */,
				2EEE0FBD1FD7786500563FF6 /* Common */,
				2EEE0FBC1FD7784E00563FF6 /* Entities */,
				2EEE0F8A1FD76A3100563FF6 /* AppDelegate.swift */,
				2EEE0F8E1FD76A3100563FF6 /* Main.storyboard */,
				2EEE0F941FD76A3100563FF6 /* Assets.xcassets */,
				2EEE0F961FD76A3100563FF6 /* LaunchScreen.storyboard */,
				2EEE0F991FD76A3100563FF6 /* Info.plist */,
				2EEE0F911FD76A3100563FF6 /* Beer_List.xcdatamodeld */,
				2ED2730F1FDB779600013925 /* CoreDataStore.swift */,
			);
			path = "Beer List";
			sourceTree = "<group>";
		};
		2EEE0FA11FD76A3100563FF6 /* Beer ListTests */ = {
			isa = PBXGroup;
			children = (
				2EEE0FA21FD76A3100563FF6 /* Beer_ListTests.swift */,
				2EEE0FA41FD76A3100563FF6 /* Info.plist */,
			);
			path = "Beer ListTests";
			sourceTree = "<group>";
		};
		2EEE0FAC1FD76A3100563FF6 /* Beer ListUITests */ = {
			isa = PBXGroup;
			children = (
				2EEE0FAD1FD76A3100563FF6 /* Beer_ListUITests.swift */,
				2EEE0FAF1FD76A3100563FF6 /* Info.plist */,
			);
			path = "Beer ListUITests";
			sourceTree = "<group>";
		};
		2EEE0FBC1FD7784E00563FF6 /* Entities */ = {
			isa = PBXGroup;
			children = (
				2EEE0FBE1FD7789C00563FF6 /* Beer.swift */,
				2EEE0FC11FD778D300563FF6 /* BeerModel.swift */,
				2ED272F21FD8DD9900013925 /* Beer+CoreDataProperties.swift */,
			);
			path = Entities;
			sourceTree = "<group>";
		};
		2EEE0FBD1FD7786500563FF6 /* Common */ = {
			isa = PBXGroup;
			children = (
				2ED273091FDA351C00013925 /* PersistenceError.swift */,
				2ED2730C1FDA354B00013925 /* Endpoints.swift */,
			);
			path = Common;
			sourceTree = "<group>";
		};
		2EEE0FC81FD7F32A00563FF6 /* Frameworks */ = {
			isa = PBXGroup;
			children = (
				2ED273071FDA343100013925 /* PKHUD.framework */,
				2EEE0FCE1FD856D600563FF6 /* AlamofireObjectMapper.framework */,
				2EEE0FCF1FD856D600563FF6 /* ObjectMapper.framework */,
				2EEE0FCA1FD7F32A00563FF6 /* Alamofire.framework */,
				2EEE0FC91FD7F32A00563FF6 /* AlamofireImage.framework */,
			);
			name = Frameworks;
			sourceTree = "<group>";
		};
		2EEE0FD21FD8574300563FF6 /* BeerList */ = {
			isa = PBXGroup;
			children = (
				2ED273121FDC2D2100013925 /* Presenter */,
				2ED272F81FDA2E4B00013925 /* View */,
				2ED272EB1FD8D3CF00013925 /* Protocols */,
				2ED272EA1FD8D3B600013925 /* WireFrame */,
				2ED272E91FD8D3A200013925 /* Interactor */,
				2ED272E81FD8D38D00013925 /* DataManager */,
			);
			path = BeerList;
			sourceTree = "<group>";
		};
		2EEE0FD31FD8576700563FF6 /* BeerDetail */ = {
			isa = PBXGroup;
			children = (
				2EEE0FDC1FD85B2A00563FF6 /* View */,
				2EEE0FDB1FD85B2100563FF6 /* WireFrame */,
				2EEE0FD61FD85A1500563FF6 /* Protocols */,
				2EEE0FD51FD8595E00563FF6 /* Presenter */,
			);
			path = BeerDetail;
			sourceTree = "<group>";
		};
		2EEE0FD51FD8595E00563FF6 /* Presenter */ = {
			isa = PBXGroup;
			children = (
				2EEE0FE51FD8AA1600563FF6 /* BeerDetailPresenter.swift */,
			);
			path = Presenter;
			sourceTree = "<group>";
		};
		2EEE0FD61FD85A1500563FF6 /* Protocols */ = {
			isa = PBXGroup;
			children = (
				2EEE0FD71FD85A4800563FF6 /* BeerDetailProtocols.swift */,
			);
			path = Protocols;
			sourceTree = "<group>";
		};
		2EEE0FDB1FD85B2100563FF6 /* WireFrame */ = {
			isa = PBXGroup;
			children = (
				2EEE0FE11FD8A82000563FF6 /* BeerDetailWireFrame.swift */,
			);
			path = WireFrame;
			sourceTree = "<group>";
		};
		2EEE0FDC1FD85B2A00563FF6 /* View */ = {
			isa = PBXGroup;
			children = (
				2EEE0FDD1FD85B4600563FF6 /* BeerDetailView.swift */,
			);
			path = View;
			sourceTree = "<group>";
		};
		65F55CB61FDC9D9D00B02641 /* Beer-List-ios-Playground */ = {
			isa = PBXGroup;
			children = (
				65F55CB71FDC9D9D00B02641 /* Beer_List_ios_Playground.h */,
				65F55CB81FDC9D9D00B02641 /* Info.plist */,
			);
			path = "Beer-List-ios-Playground";
			sourceTree = "<group>";
		};
/* End PBXGroup section */

/* Begin PBXHeadersBuildPhase section */
		65F55CB21FDC9D9D00B02641 /* Headers */ = {
			isa = PBXHeadersBuildPhase;
			buildActionMask = 2147483647;
			files = (
				65F55CB91FDC9D9D00B02641 /* Beer_List_ios_Playground.h in Headers */,
			);
			runOnlyForDeploymentPostprocessing = 0;
		};
/* End PBXHeadersBuildPhase section */

/* Begin PBXNativeTarget section */
		2EEE0F861FD76A3100563FF6 /* Beer List */ = {
			isa = PBXNativeTarget;
			buildConfigurationList = 2EEE0FB21FD76A3100563FF6 /* Build configuration list for PBXNativeTarget "Beer List" */;
			buildPhases = (
				2EEE0F831FD76A3100563FF6 /* Sources */,
				2EEE0F841FD76A3100563FF6 /* Frameworks */,
				2EEE0F851FD76A3100563FF6 /* Resources */,
				2EEE0FCD1FD7F34E00563FF6 /* ShellScript */,
				65F55CC11FDC9D9D00B02641 /* Embed Frameworks */,
			);
			buildRules = (
			);
			dependencies = (
				65F55CBB1FDC9D9D00B02641 /* PBXTargetDependency */,
			);
			name = "Beer List";
			productName = "Beer List";
			productReference = 2EEE0F871FD76A3100563FF6 /* Beer List.app */;
			productType = "com.apple.product-type.application";
		};
		2EEE0F9D1FD76A3100563FF6 /* Beer ListTests */ = {
			isa = PBXNativeTarget;
			buildConfigurationList = 2EEE0FB51FD76A3100563FF6 /* Build configuration list for PBXNativeTarget "Beer ListTests" */;
			buildPhases = (
				2EEE0F9A1FD76A3100563FF6 /* Sources */,
				2EEE0F9B1FD76A3100563FF6 /* Frameworks */,
				2EEE0F9C1FD76A3100563FF6 /* Resources */,
			);
			buildRules = (
			);
			dependencies = (
				2EEE0FA01FD76A3100563FF6 /* PBXTargetDependency */,
			);
			name = "Beer ListTests";
			productName = "Beer ListTests";
			productReference = 2EEE0F9E1FD76A3100563FF6 /* Beer ListTests.xctest */;
			productType = "com.apple.product-type.bundle.unit-test";
		};
		2EEE0FA81FD76A3100563FF6 /* Beer ListUITests */ = {
			isa = PBXNativeTarget;
			buildConfigurationList = 2EEE0FB81FD76A3100563FF6 /* Build configuration list for PBXNativeTarget "Beer ListUITests" */;
			buildPhases = (
				2EEE0FA51FD76A3100563FF6 /* Sources */,
				2EEE0FA61FD76A3100563FF6 /* Frameworks */,
				2EEE0FA71FD76A3100563FF6 /* Resources */,
			);
			buildRules = (
			);
			dependencies = (
				2EEE0FAB1FD76A3100563FF6 /* PBXTargetDependency */,
			);
			name = "Beer ListUITests";
			productName = "Beer ListUITests";
			productReference = 2EEE0FA91FD76A3100563FF6 /* Beer ListUITests.xctest */;
			productType = "com.apple.product-type.bundle.ui-testing";
		};
		65F55CB41FDC9D9D00B02641 /* Beer-List-ios-Playground */ = {
			isa = PBXNativeTarget;
			buildConfigurationList = 65F55CC01FDC9D9D00B02641 /* Build configuration list for PBXNativeTarget "Beer-List-ios-Playground" */;
			buildPhases = (
				65F55CB01FDC9D9D00B02641 /* Sources */,
				65F55CB11FDC9D9D00B02641 /* Frameworks */,
				65F55CB21FDC9D9D00B02641 /* Headers */,
				65F55CB31FDC9D9D00B02641 /* Resources */,
				65CBB21E1FDCBDDB009B2B87 /* ShellScript */,
			);
			buildRules = (
			);
			dependencies = (
			);
			name = "Beer-List-ios-Playground";
			productName = "Beer-List-ios-Playground";
			productReference = 65F55CB51FDC9D9D00B02641 /* BeerListPlayground.framework */;
			productType = "com.apple.product-type.framework";
		};
/* End PBXNativeTarget section */

/* Begin PBXProject section */
		2EEE0F7F1FD76A3100563FF6 /* Project object */ = {
			isa = PBXProject;
			attributes = {
				LastSwiftUpdateCheck = 0910;
				LastUpgradeCheck = 0910;
				ORGANIZATIONNAME = "Amadeu Cavalcante";
				TargetAttributes = {
					2EEE0F861FD76A3100563FF6 = {
						CreatedOnToolsVersion = 9.1;
						ProvisioningStyle = Automatic;
					};
					2EEE0F9D1FD76A3100563FF6 = {
						CreatedOnToolsVersion = 9.1;
						ProvisioningStyle = Automatic;
						TestTargetID = 2EEE0F861FD76A3100563FF6;
					};
					2EEE0FA81FD76A3100563FF6 = {
						CreatedOnToolsVersion = 9.1;
						ProvisioningStyle = Automatic;
						TestTargetID = 2EEE0F861FD76A3100563FF6;
					};
					65F55CB41FDC9D9D00B02641 = {
						CreatedOnToolsVersion = 9.2;
						ProvisioningStyle = Automatic;
					};
				};
			};
			buildConfigurationList = 2EEE0F821FD76A3100563FF6 /* Build configuration list for PBXProject "Beer List" */;
			compatibilityVersion = "Xcode 8.0";
			developmentRegion = en;
			hasScannedForEncodings = 0;
			knownRegions = (
				en,
				Base,
			);
			mainGroup = 2EEE0F7E1FD76A3100563FF6;
			productRefGroup = 2EEE0F881FD76A3100563FF6 /* Products */;
			projectDirPath = "";
			projectRoot = "";
			targets = (
				2EEE0F861FD76A3100563FF6 /* Beer List */,
				2EEE0F9D1FD76A3100563FF6 /* Beer ListTests */,
				2EEE0FA81FD76A3100563FF6 /* Beer ListUITests */,
				65F55CB41FDC9D9D00B02641 /* Beer-List-ios-Playground */,
			);
		};
/* End PBXProject section */

/* Begin PBXResourcesBuildPhase section */
		2EEE0F851FD76A3100563FF6 /* Resources */ = {
			isa = PBXResourcesBuildPhase;
			buildActionMask = 2147483647;
			files = (
				2EEE0F981FD76A3100563FF6 /* LaunchScreen.storyboard in Resources */,
				2EEE0F951FD76A3100563FF6 /* Assets.xcassets in Resources */,
				2EEE0F901FD76A3100563FF6 /* Main.storyboard in Resources */,
			);
			runOnlyForDeploymentPostprocessing = 0;
		};
		2EEE0F9C1FD76A3100563FF6 /* Resources */ = {
			isa = PBXResourcesBuildPhase;
			buildActionMask = 2147483647;
			files = (
				654A95071FDCDA9400600815 /* Assets.xcassets in Resources */,
			);
			runOnlyForDeploymentPostprocessing = 0;
		};
		2EEE0FA71FD76A3100563FF6 /* Resources */ = {
			isa = PBXResourcesBuildPhase;
			buildActionMask = 2147483647;
			files = (
			);
			runOnlyForDeploymentPostprocessing = 0;
		};
		65F55CB31FDC9D9D00B02641 /* Resources */ = {
			isa = PBXResourcesBuildPhase;
			buildActionMask = 2147483647;
			files = (
				65E2AFA11FDCB53500DB827A /* Main.storyboard in Resources */,
				65CBB21D1FDCBB4A009B2B87 /* Assets.xcassets in Resources */,
				65CBB21C1FDCBB43009B2B87 /* LaunchScreen.storyboard in Resources */,
			);
			runOnlyForDeploymentPostprocessing = 0;
		};
/* End PBXResourcesBuildPhase section */

/* Begin PBXShellScriptBuildPhase section */
		2EEE0FCD1FD7F34E00563FF6 /* ShellScript */ = {
			isa = PBXShellScriptBuildPhase;
			buildActionMask = 2147483647;
			files = (
			);
			inputPaths = (
				"$(SRCROOT)/Carthage/Build/iOS/Alamofire.framework",
				"$(SRCROOT)/Carthage/Build/iOS/AlamofireImage.framework",
				"$(SRCROOT)/Carthage/Build/iOS/AlamofireObjectMapper.framework",
				"$(SRCROOT)/Carthage/Build/iOS/ObjectMapper.framework",
				"$(SRCROOT)/Carthage/Build/iOS/PKHUD.framework",
			);
			outputPaths = (
			);
			runOnlyForDeploymentPostprocessing = 0;
			shellPath = /bin/sh;
			shellScript = "/usr/local/bin/carthage copy-frameworks";
		};
		65CBB21E1FDCBDDB009B2B87 /* ShellScript */ = {
			isa = PBXShellScriptBuildPhase;
			buildActionMask = 2147483647;
			files = (
			);
			inputPaths = (
				"$(SRCROOT)/Carthage/Build/iOS/Alamofire.framework",
				"$(SRCROOT)/Carthage/Build/iOS/AlamofireImage.framework",
				"$(SRCROOT)/Carthage/Build/iOS/AlamofireObjectMapper.framework",
				"$(SRCROOT)/Carthage/Build/iOS/ObjectMapper.framework",
				"$(SRCROOT)/Carthage/Build/iOS/PKHUD.framework",
			);
			outputPaths = (
			);
			runOnlyForDeploymentPostprocessing = 0;
			shellPath = /bin/sh;
			shellScript = "/usr/local/bin/carthage copy-frameworks";
		};
/* End PBXShellScriptBuildPhase section */

/* Begin PBXSourcesBuildPhase section */
		2EEE0F831FD76A3100563FF6 /* Sources */ = {
			isa = PBXSourcesBuildPhase;
			buildActionMask = 2147483647;
			files = (
				2ED272FD1FDA2EB900013925 /* BeerListView.swift in Sources */,
				2ED272FA1FDA2EA100013925 /* BeerTableViewCell.swift in Sources */,
				2ED273021FDA320800013925 /* BeerListLocalDataManager.swift in Sources */,
				2EEE0F8B1FD76A3100563FF6 /* AppDelegate.swift in Sources */,
				2ED273101FDB779600013925 /* CoreDataStore.swift in Sources */,
				2ED273051FDA322100013925 /* BeerListRemoteDataManager.swift in Sources */,
				2EEE0F931FD76A3100563FF6 /* Beer_List.xcdatamodeld in Sources */,
				2ED272ED1FD8D40900013925 /* BeerListProtocols.swift in Sources */,
				2ED272F71FDA2D1600013925 /* BeerListInteractor.swift in Sources */,
				2EEE0FC21FD778D300563FF6 /* BeerModel.swift in Sources */,
				2ED2730A1FDA351C00013925 /* PersistenceError.swift in Sources */,
				2EEE0FD81FD85A4800563FF6 /* BeerDetailProtocols.swift in Sources */,
				2ED272F51FD8DE9C00013925 /* BeerListWireFrame.swift in Sources */,
				2ED273141FDC2D3700013925 /* PostListPresenter.swift in Sources */,
				2EEE0FDE1FD85B4600563FF6 /* BeerDetailView.swift in Sources */,
				2ED2730D1FDA354B00013925 /* Endpoints.swift in Sources */,
				2EEE0FBF1FD7789C00563FF6 /* Beer.swift in Sources */,
				2EEE0FE61FD8AA1600563FF6 /* BeerDetailPresenter.swift in Sources */,
				2ED272F31FD8DD9900013925 /* Beer+CoreDataProperties.swift in Sources */,
				2EEE0FE21FD8A82000563FF6 /* BeerDetailWireFrame.swift in Sources */,
			);
			runOnlyForDeploymentPostprocessing = 0;
		};
		2EEE0F9A1FD76A3100563FF6 /* Sources */ = {
			isa = PBXSourcesBuildPhase;
			buildActionMask = 2147483647;
			files = (
				65E2AF701FDCA0E100DB827A /* BeerListProtocols.swift in Sources */,
				2EEE0FE71FD8AA1600563FF6 /* BeerDetailPresenter.swift in Sources */,
				65E2AF7C1FDCA0F800DB827A /* Endpoints.swift in Sources */,
				65E2AF7E1FDCA0F800DB827A /* AppDelegate.swift in Sources */,
				2EEE0FA31FD76A3100563FF6 /* Beer_ListTests.swift in Sources */,
				2EEE0FE31FD8A82000563FF6 /* BeerDetailWireFrame.swift in Sources */,
				65E2AF7B1FDCA0F800DB827A /* PersistenceError.swift in Sources */,
				65E2AF721FDCA0E700DB827A /* BeerListWireFrame.swift in Sources */,
				65E2AF7D1FDCA0F800DB827A /* Beer+CoreDataProperties.swift in Sources */,
				2EEE0FC01FD7789C00563FF6 /* Beer.swift in Sources */,
				2EEE0FD91FD85A4800563FF6 /* BeerDetailProtocols.swift in Sources */,
				65E2AF731FDCA0EC00DB827A /* BeerListInteractor.swift in Sources */,
				2ED272F11FD8DAF900013925 /* Beer_List.xcdatamodeld in Sources */,
				2EEE0FC31FD778D300563FF6 /* BeerModel.swift in Sources */,
				2EEE0FDF1FD85B4600563FF6 /* BeerDetailView.swift in Sources */,
			);
			runOnlyForDeploymentPostprocessing = 0;
		};
		2EEE0FA51FD76A3100563FF6 /* Sources */ = {
			isa = PBXSourcesBuildPhase;
			buildActionMask = 2147483647;
			files = (
				2EEE0FDA1FD85A4800563FF6 /* BeerDetailProtocols.swift in Sources */,
				2ED273111FDB779600013925 /* CoreDataStore.swift in Sources */,
				2ED272FB1FDA2EA100013925 /* BeerTableViewCell.swift in Sources */,
				2EEE0FAE1FD76A3100563FF6 /* Beer_ListUITests.swift in Sources */,
				2ED273031FDA320800013925 /* BeerListLocalDataManager.swift in Sources */,
				2ED273061FDA322100013925 /* BeerListRemoteDataManager.swift in Sources */,
				2ED273151FDC2D3700013925 /* PostListPresenter.swift in Sources */,
				2EEE0FE81FD8AA1600563FF6 /* BeerDetailPresenter.swift in Sources */,
				2ED272FE1FDA2EB900013925 /* BeerListView.swift in Sources */,
				2EEE0FE01FD85B4600563FF6 /* BeerDetailView.swift in Sources */,
				2ED2730B1FDA351C00013925 /* PersistenceError.swift in Sources */,
				2EEE0FE41FD8A82000563FF6 /* BeerDetailWireFrame.swift in Sources */,
				2ED2730E1FDA354B00013925 /* Endpoints.swift in Sources */,
			);
			runOnlyForDeploymentPostprocessing = 0;
		};
		65F55CB01FDC9D9D00B02641 /* Sources */ = {
			isa = PBXSourcesBuildPhase;
			buildActionMask = 2147483647;
			files = (
				65E2AF7A1FDCA0F600DB827A /* AppDelegate.swift in Sources */,
				65E2AF741FDCA0EC00DB827A /* BeerListInteractor.swift in Sources */,
				65E2AFA21FDCB65F00DB827A /* BeerListLocalDataManager.swift in Sources */,
				65E2AF771FDCA0F600DB827A /* Beer.swift in Sources */,
				65E2AF6E1FDCA0CA00DB827A /* BeerListView.swift in Sources */,
				65E2AF781FDCA0F600DB827A /* BeerModel.swift in Sources */,
				65E2AF751FDCA0F600DB827A /* PersistenceError.swift in Sources */,
				65E2AF6F1FDCA0DE00DB827A /* BeerListProtocols.swift in Sources */,
				65E2AF6C1FDCA0C200DB827A /* PostListPresenter.swift in Sources */,
				65E2AF6D1FDCA0C500DB827A /* BeerTableViewCell.swift in Sources */,
				65E2AFA41FDCB69000DB827A /* CoreDataStore.swift in Sources */,
				65E2AF761FDCA0F600DB827A /* Endpoints.swift in Sources */,
				65E2AF811FDCA10800DB827A /* BeerDetailProtocols.swift in Sources */,
				65E2AF7F1FDCA10800DB827A /* BeerDetailView.swift in Sources */,
				65E2AFA31FDCB66C00DB827A /* BeerListRemoteDataManager.swift in Sources */,
				65E2AF801FDCA10800DB827A /* BeerDetailWireFrame.swift in Sources */,
				65E2AF821FDCA10800DB827A /* BeerDetailPresenter.swift in Sources */,
				65E2AF791FDCA0F600DB827A /* Beer+CoreDataProperties.swift in Sources */,
				65E2AF711FDCA0E600DB827A /* BeerListWireFrame.swift in Sources */,
				65CBB21B1FDCBB38009B2B87 /* Beer_List.xcdatamodeld in Sources */,
			);
			runOnlyForDeploymentPostprocessing = 0;
		};
/* End PBXSourcesBuildPhase section */

/* Begin PBXTargetDependency section */
		2EEE0FA01FD76A3100563FF6 /* PBXTargetDependency */ = {
			isa = PBXTargetDependency;
			target = 2EEE0F861FD76A3100563FF6 /* Beer List */;
			targetProxy = 2EEE0F9F1FD76A3100563FF6 /* PBXContainerItemProxy */;
		};
		2EEE0FAB1FD76A3100563FF6 /* PBXTargetDependency */ = {
			isa = PBXTargetDependency;
			target = 2EEE0F861FD76A3100563FF6 /* Beer List */;
			targetProxy = 2EEE0FAA1FD76A3100563FF6 /* PBXContainerItemProxy */;
		};
		65F55CBB1FDC9D9D00B02641 /* PBXTargetDependency */ = {
			isa = PBXTargetDependency;
			target = 65F55CB41FDC9D9D00B02641 /* Beer-List-ios-Playground */;
			targetProxy = 65F55CBA1FDC9D9D00B02641 /* PBXContainerItemProxy */;
		};
/* End PBXTargetDependency section */

/* Begin PBXVariantGroup section */
		2EEE0F8E1FD76A3100563FF6 /* Main.storyboard */ = {
			isa = PBXVariantGroup;
			children = (
				2EEE0F8F1FD76A3100563FF6 /* Base */,
			);
			name = Main.storyboard;
			sourceTree = "<group>";
		};
		2EEE0F961FD76A3100563FF6 /* LaunchScreen.storyboard */ = {
			isa = PBXVariantGroup;
			children = (
				2EEE0F971FD76A3100563FF6 /* Base */,
			);
			name = LaunchScreen.storyboard;
			sourceTree = "<group>";
		};
/* End PBXVariantGroup section */

/* Begin XCBuildConfiguration section */
		2EEE0FB01FD76A3100563FF6 /* Debug */ = {
			isa = XCBuildConfiguration;
			buildSettings = {
				ALWAYS_SEARCH_USER_PATHS = NO;
				CLANG_ANALYZER_NONNULL = YES;
				CLANG_ANALYZER_NUMBER_OBJECT_CONVERSION = YES_AGGRESSIVE;
				CLANG_CXX_LANGUAGE_STANDARD = "gnu++14";
				CLANG_CXX_LIBRARY = "libc++";
				CLANG_ENABLE_MODULES = YES;
				CLANG_ENABLE_OBJC_ARC = YES;
				CLANG_WARN_BLOCK_CAPTURE_AUTORELEASING = YES;
				CLANG_WARN_BOOL_CONVERSION = YES;
				CLANG_WARN_COMMA = YES;
				CLANG_WARN_CONSTANT_CONVERSION = YES;
				CLANG_WARN_DIRECT_OBJC_ISA_USAGE = YES_ERROR;
				CLANG_WARN_DOCUMENTATION_COMMENTS = YES;
				CLANG_WARN_EMPTY_BODY = YES;
				CLANG_WARN_ENUM_CONVERSION = YES;
				CLANG_WARN_INFINITE_RECURSION = YES;
				CLANG_WARN_INT_CONVERSION = YES;
				CLANG_WARN_NON_LITERAL_NULL_CONVERSION = YES;
				CLANG_WARN_OBJC_LITERAL_CONVERSION = YES;
				CLANG_WARN_OBJC_ROOT_CLASS = YES_ERROR;
				CLANG_WARN_RANGE_LOOP_ANALYSIS = YES;
				CLANG_WARN_STRICT_PROTOTYPES = YES;
				CLANG_WARN_SUSPICIOUS_MOVE = YES;
				CLANG_WARN_UNGUARDED_AVAILABILITY = YES_AGGRESSIVE;
				CLANG_WARN_UNREACHABLE_CODE = YES;
				CLANG_WARN__DUPLICATE_METHOD_MATCH = YES;
				CODE_SIGN_IDENTITY = "iPhone Developer";
				COPY_PHASE_STRIP = NO;
				DEBUG_INFORMATION_FORMAT = dwarf;
				ENABLE_STRICT_OBJC_MSGSEND = YES;
				ENABLE_TESTABILITY = YES;
				GCC_C_LANGUAGE_STANDARD = gnu11;
				GCC_DYNAMIC_NO_PIC = NO;
				GCC_NO_COMMON_BLOCKS = YES;
				GCC_OPTIMIZATION_LEVEL = 0;
				GCC_PREPROCESSOR_DEFINITIONS = (
					"DEBUG=1",
					"$(inherited)",
				);
				GCC_WARN_64_TO_32_BIT_CONVERSION = YES;
				GCC_WARN_ABOUT_RETURN_TYPE = YES_ERROR;
				GCC_WARN_UNDECLARED_SELECTOR = YES;
				GCC_WARN_UNINITIALIZED_AUTOS = YES_AGGRESSIVE;
				GCC_WARN_UNUSED_FUNCTION = YES;
				GCC_WARN_UNUSED_VARIABLE = YES;
				IPHONEOS_DEPLOYMENT_TARGET = 11.1;
				MTL_ENABLE_DEBUG_INFO = YES;
				ONLY_ACTIVE_ARCH = YES;
				SDKROOT = iphoneos;
				SWIFT_ACTIVE_COMPILATION_CONDITIONS = DEBUG;
				SWIFT_OPTIMIZATION_LEVEL = "-Onone";
			};
			name = Debug;
		};
		2EEE0FB11FD76A3100563FF6 /* Release */ = {
			isa = XCBuildConfiguration;
			buildSettings = {
				ALWAYS_SEARCH_USER_PATHS = NO;
				CLANG_ANALYZER_NONNULL = YES;
				CLANG_ANALYZER_NUMBER_OBJECT_CONVERSION = YES_AGGRESSIVE;
				CLANG_CXX_LANGUAGE_STANDARD = "gnu++14";
				CLANG_CXX_LIBRARY = "libc++";
				CLANG_ENABLE_MODULES = YES;
				CLANG_ENABLE_OBJC_ARC = YES;
				CLANG_WARN_BLOCK_CAPTURE_AUTORELEASING = YES;
				CLANG_WARN_BOOL_CONVERSION = YES;
				CLANG_WARN_COMMA = YES;
				CLANG_WARN_CONSTANT_CONVERSION = YES;
				CLANG_WARN_DIRECT_OBJC_ISA_USAGE = YES_ERROR;
				CLANG_WARN_DOCUMENTATION_COMMENTS = YES;
				CLANG_WARN_EMPTY_BODY = YES;
				CLANG_WARN_ENUM_CONVERSION = YES;
				CLANG_WARN_INFINITE_RECURSION = YES;
				CLANG_WARN_INT_CONVERSION = YES;
				CLANG_WARN_NON_LITERAL_NULL_CONVERSION = YES;
				CLANG_WARN_OBJC_LITERAL_CONVERSION = YES;
				CLANG_WARN_OBJC_ROOT_CLASS = YES_ERROR;
				CLANG_WARN_RANGE_LOOP_ANALYSIS = YES;
				CLANG_WARN_STRICT_PROTOTYPES = YES;
				CLANG_WARN_SUSPICIOUS_MOVE = YES;
				CLANG_WARN_UNGUARDED_AVAILABILITY = YES_AGGRESSIVE;
				CLANG_WARN_UNREACHABLE_CODE = YES;
				CLANG_WARN__DUPLICATE_METHOD_MATCH = YES;
				CODE_SIGN_IDENTITY = "iPhone Developer";
				COPY_PHASE_STRIP = NO;
				DEBUG_INFORMATION_FORMAT = "dwarf-with-dsym";
				ENABLE_NS_ASSERTIONS = NO;
				ENABLE_STRICT_OBJC_MSGSEND = YES;
				GCC_C_LANGUAGE_STANDARD = gnu11;
				GCC_NO_COMMON_BLOCKS = YES;
				GCC_WARN_64_TO_32_BIT_CONVERSION = YES;
				GCC_WARN_ABOUT_RETURN_TYPE = YES_ERROR;
				GCC_WARN_UNDECLARED_SELECTOR = YES;
				GCC_WARN_UNINITIALIZED_AUTOS = YES_AGGRESSIVE;
				GCC_WARN_UNUSED_FUNCTION = YES;
				GCC_WARN_UNUSED_VARIABLE = YES;
				IPHONEOS_DEPLOYMENT_TARGET = 11.1;
				MTL_ENABLE_DEBUG_INFO = NO;
				SDKROOT = iphoneos;
				SWIFT_OPTIMIZATION_LEVEL = "-Owholemodule";
				VALIDATE_PRODUCT = YES;
			};
			name = Release;
		};
		2EEE0FB31FD76A3100563FF6 /* Debug */ = {
			isa = XCBuildConfiguration;
			buildSettings = {
				ALWAYS_EMBED_SWIFT_STANDARD_LIBRARIES = YES;
				ASSETCATALOG_COMPILER_APPICON_NAME = AppIcon;
				CODE_SIGN_STYLE = Automatic;
				DEVELOPMENT_TEAM = YMWQA4CLV6;
				FRAMEWORK_SEARCH_PATHS = (
					"$(inherited)",
					"$(PROJECT_DIR)/Carthage/Build/iOS",
				);
				INFOPLIST_FILE = "Beer List/Info.plist";
				LD_RUNPATH_SEARCH_PATHS = "$(inherited) @executable_path/Frameworks";
				PRODUCT_BUNDLE_IDENTIFIER = "io.github.amadeu01.Beer-List";
				PRODUCT_NAME = "$(TARGET_NAME)";
				SWIFT_VERSION = 4.0;
				TARGETED_DEVICE_FAMILY = "1,2";
			};
			name = Debug;
		};
		2EEE0FB41FD76A3100563FF6 /* Release */ = {
			isa = XCBuildConfiguration;
			buildSettings = {
				ALWAYS_EMBED_SWIFT_STANDARD_LIBRARIES = YES;
				ASSETCATALOG_COMPILER_APPICON_NAME = AppIcon;
				CODE_SIGN_STYLE = Automatic;
				DEVELOPMENT_TEAM = YMWQA4CLV6;
				FRAMEWORK_SEARCH_PATHS = (
					"$(inherited)",
					"$(PROJECT_DIR)/Carthage/Build/iOS",
				);
				INFOPLIST_FILE = "Beer List/Info.plist";
				LD_RUNPATH_SEARCH_PATHS = "$(inherited) @executable_path/Frameworks";
				PRODUCT_BUNDLE_IDENTIFIER = "io.github.amadeu01.Beer-List";
				PRODUCT_NAME = "$(TARGET_NAME)";
				SWIFT_VERSION = 4.0;
				TARGETED_DEVICE_FAMILY = "1,2";
			};
			name = Release;
		};
		2EEE0FB61FD76A3100563FF6 /* Debug */ = {
			isa = XCBuildConfiguration;
			buildSettings = {
				ALWAYS_EMBED_SWIFT_STANDARD_LIBRARIES = YES;
				BUNDLE_LOADER = "$(TEST_HOST)";
				CODE_SIGN_STYLE = Automatic;
				DEVELOPMENT_TEAM = YMWQA4CLV6;
				INFOPLIST_FILE = "Beer ListTests/Info.plist";
				LD_RUNPATH_SEARCH_PATHS = "$(inherited) @executable_path/Frameworks @loader_path/Frameworks";
				PRODUCT_BUNDLE_IDENTIFIER = "io.github.amadeu01.Beer-ListTests";
				PRODUCT_NAME = "$(TARGET_NAME)";
				SWIFT_VERSION = 4.0;
				TARGETED_DEVICE_FAMILY = "1,2";
				TEST_HOST = "$(BUILT_PRODUCTS_DIR)/Beer List.app/Beer List";
			};
			name = Debug;
		};
		2EEE0FB71FD76A3100563FF6 /* Release */ = {
			isa = XCBuildConfiguration;
			buildSettings = {
				ALWAYS_EMBED_SWIFT_STANDARD_LIBRARIES = YES;
				BUNDLE_LOADER = "$(TEST_HOST)";
				CODE_SIGN_STYLE = Automatic;
				DEVELOPMENT_TEAM = YMWQA4CLV6;
				INFOPLIST_FILE = "Beer ListTests/Info.plist";
				LD_RUNPATH_SEARCH_PATHS = "$(inherited) @executable_path/Frameworks @loader_path/Frameworks";
				PRODUCT_BUNDLE_IDENTIFIER = "io.github.amadeu01.Beer-ListTests";
				PRODUCT_NAME = "$(TARGET_NAME)";
				SWIFT_VERSION = 4.0;
				TARGETED_DEVICE_FAMILY = "1,2";
				TEST_HOST = "$(BUILT_PRODUCTS_DIR)/Beer List.app/Beer List";
			};
			name = Release;
		};
		2EEE0FB91FD76A3100563FF6 /* Debug */ = {
			isa = XCBuildConfiguration;
			buildSettings = {
				ALWAYS_EMBED_SWIFT_STANDARD_LIBRARIES = YES;
				CODE_SIGN_STYLE = Automatic;
				DEVELOPMENT_TEAM = YMWQA4CLV6;
				INFOPLIST_FILE = "Beer ListUITests/Info.plist";
				LD_RUNPATH_SEARCH_PATHS = "$(inherited) @executable_path/Frameworks @loader_path/Frameworks";
				PRODUCT_BUNDLE_IDENTIFIER = "io.github.amadeu01.Beer-ListUITests";
				PRODUCT_NAME = "$(TARGET_NAME)";
				SWIFT_VERSION = 4.0;
				TARGETED_DEVICE_FAMILY = "1,2";
				TEST_TARGET_NAME = "Beer List";
			};
			name = Debug;
		};
		2EEE0FBA1FD76A3100563FF6 /* Release */ = {
			isa = XCBuildConfiguration;
			buildSettings = {
				ALWAYS_EMBED_SWIFT_STANDARD_LIBRARIES = YES;
				CODE_SIGN_STYLE = Automatic;
				DEVELOPMENT_TEAM = YMWQA4CLV6;
				INFOPLIST_FILE = "Beer ListUITests/Info.plist";
				LD_RUNPATH_SEARCH_PATHS = "$(inherited) @executable_path/Frameworks @loader_path/Frameworks";
				PRODUCT_BUNDLE_IDENTIFIER = "io.github.amadeu01.Beer-ListUITests";
				PRODUCT_NAME = "$(TARGET_NAME)";
				SWIFT_VERSION = 4.0;
				TARGETED_DEVICE_FAMILY = "1,2";
				TEST_TARGET_NAME = "Beer List";
			};
			name = Release;
		};
		65F55CBE1FDC9D9D00B02641 /* Debug */ = {
			isa = XCBuildConfiguration;
			buildSettings = {
				CODE_SIGN_IDENTITY = "";
				CODE_SIGN_STYLE = Automatic;
				CURRENT_PROJECT_VERSION = 1;
				DEFINES_MODULE = YES;
				DEVELOPMENT_TEAM = YMWQA4CLV6;
				DYLIB_COMPATIBILITY_VERSION = 1;
				DYLIB_CURRENT_VERSION = 1;
				DYLIB_INSTALL_NAME_BASE = "@rpath";
				FRAMEWORK_SEARCH_PATHS = (
					"$(inherited)",
					"$(PROJECT_DIR)/Carthage/Build/iOS",
				);
				INFOPLIST_FILE = "Beer-List-ios-Playground/Info.plist";
				INSTALL_PATH = "$(LOCAL_LIBRARY_DIR)/Frameworks";
				IPHONEOS_DEPLOYMENT_TARGET = 11.2;
				LD_RUNPATH_SEARCH_PATHS = "$(inherited) @executable_path/Frameworks @loader_path/Frameworks";
				PRODUCT_BUNDLE_IDENTIFIER = "io.github.amadeu01.Beer-List-ios-Playground";
				PRODUCT_NAME = BeerListPlayground;
				SKIP_INSTALL = YES;
				SWIFT_VERSION = 4.0;
				TARGETED_DEVICE_FAMILY = "1,2";
				VERSIONING_SYSTEM = "apple-generic";
				VERSION_INFO_PREFIX = "";
			};
			name = Debug;
		};
		65F55CBF1FDC9D9D00B02641 /* Release */ = {
			isa = XCBuildConfiguration;
			buildSettings = {
				CODE_SIGN_IDENTITY = "";
				CODE_SIGN_STYLE = Automatic;
				CURRENT_PROJECT_VERSION = 1;
				DEFINES_MODULE = YES;
				DEVELOPMENT_TEAM = YMWQA4CLV6;
				DYLIB_COMPATIBILITY_VERSION = 1;
				DYLIB_CURRENT_VERSION = 1;
				DYLIB_INSTALL_NAME_BASE = "@rpath";
				FRAMEWORK_SEARCH_PATHS = (
					"$(inherited)",
					"$(PROJECT_DIR)/Carthage/Build/iOS",
				);
				INFOPLIST_FILE = "Beer-List-ios-Playground/Info.plist";
				INSTALL_PATH = "$(LOCAL_LIBRARY_DIR)/Frameworks";
				IPHONEOS_DEPLOYMENT_TARGET = 11.2;
				LD_RUNPATH_SEARCH_PATHS = "$(inherited) @executable_path/Frameworks @loader_path/Frameworks";
				PRODUCT_BUNDLE_IDENTIFIER = "io.github.amadeu01.Beer-List-ios-Playground";
				PRODUCT_NAME = BeerListPlayground;
				SKIP_INSTALL = YES;
				SWIFT_VERSION = 4.0;
				TARGETED_DEVICE_FAMILY = "1,2";
				VERSIONING_SYSTEM = "apple-generic";
				VERSION_INFO_PREFIX = "";
			};
			name = Release;
		};
/* End XCBuildConfiguration section */

/* Begin XCConfigurationList section */
		2EEE0F821FD76A3100563FF6 /* Build configuration list for PBXProject "Beer List" */ = {
			isa = XCConfigurationList;
			buildConfigurations = (
				2EEE0FB01FD76A3100563FF6 /* Debug */,
				2EEE0FB11FD76A3100563FF6 /* Release */,
			);
			defaultConfigurationIsVisible = 0;
			defaultConfigurationName = Release;
		};
		2EEE0FB21FD76A3100563FF6 /* Build configuration list for PBXNativeTarget "Beer List" */ = {
			isa = XCConfigurationList;
			buildConfigurations = (
				2EEE0FB31FD76A3100563FF6 /* Debug */,
				2EEE0FB41FD76A3100563FF6 /* Release */,
			);
			defaultConfigurationIsVisible = 0;
			defaultConfigurationName = Release;
		};
		2EEE0FB51FD76A3100563FF6 /* Build configuration list for PBXNativeTarget "Beer ListTests" */ = {
			isa = XCConfigurationList;
			buildConfigurations = (
				2EEE0FB61FD76A3100563FF6 /* Debug */,
				2EEE0FB71FD76A3100563FF6 /* Release */,
			);
			defaultConfigurationIsVisible = 0;
			defaultConfigurationName = Release;
		};
		2EEE0FB81FD76A3100563FF6 /* Build configuration list for PBXNativeTarget "Beer ListUITests" */ = {
			isa = XCConfigurationList;
			buildConfigurations = (
				2EEE0FB91FD76A3100563FF6 /* Debug */,
				2EEE0FBA1FD76A3100563FF6 /* Release */,
			);
			defaultConfigurationIsVisible = 0;
			defaultConfigurationName = Release;
		};
		65F55CC01FDC9D9D00B02641 /* Build configuration list for PBXNativeTarget "Beer-List-ios-Playground" */ = {
			isa = XCConfigurationList;
			buildConfigurations = (
				65F55CBE1FDC9D9D00B02641 /* Debug */,
				65F55CBF1FDC9D9D00B02641 /* Release */,
			);
			defaultConfigurationIsVisible = 0;
			defaultConfigurationName = Release;
		};
/* End XCConfigurationList section */

/* Begin XCVersionGroup section */
		2EEE0F911FD76A3100563FF6 /* Beer_List.xcdatamodeld */ = {
			isa = XCVersionGroup;
			children = (
				2EEE0F921FD76A3100563FF6 /* Beer_List.xcdatamodel */,
			);
			currentVersion = 2EEE0F921FD76A3100563FF6 /* Beer_List.xcdatamodel */;
			path = Beer_List.xcdatamodeld;
			sourceTree = "<group>";
			versionGroupType = wrapper.xcdatamodel;
		};
/* End XCVersionGroup section */
	};
	rootObject = 2EEE0F7F1FD76A3100563FF6 /* Project object */;
}
